
Microsoft Visual Studio Solution File, Format Version 12.00
# Visual Studio Version 17
VisualStudioVersion = 17.2.32505.173
MinimumVisualStudioVersion = 10.0.40219.1
Project("{FAE04EC0-301F-11D3-BF4B-00C04F79EFBC}") = "Guessing game", "Guessing game\Guessing game.csproj", "{A155D4B7-90BB-4069-BE16-0CF086286133}"
EndProject
Global
	GlobalSection(SolutionConfigurationPlatforms) = preSolution
		Debug|Any CPU = Debug|Any CPU
		Release|Any CPU = Release|Any CPU
	EndGlobalSection
	GlobalSection(ProjectConfigurationPlatforms) = postSolution
		{A155D4B7-90BB-4069-BE16-0CF086286133}.Debug|Any CPU.ActiveCfg = Debug|Any CPU
		{A155D4B7-90BB-4069-BE16-0CF086286133}.Debug|Any CPU.Build.0 = Debug|Any CPU
		{A155D4B7-90BB-4069-BE16-0CF086286133}.Release|Any CPU.ActiveCfg = Release|Any CPU
		{A155D4B7-90BB-4069-BE16-0CF086286133}.Release|Any CPU.Build.0 = Release|Any CPU
	EndGlobalSection
	GlobalSection(SolutionProperties) = preSolution
		HideSolutionNode = FALSE
	EndGlobalSection
	GlobalSection(ExtensibilityGlobals) = postSolution
		SolutionGuid = {7A1B893C-3DB7-4B21-9720-EB8BE30BE9A5}
	EndGlobalSection
EndGlobal
